// !$*UTF8*$!
{
	archiveVersion = 1;
	classes = {
	};
	objectVersion = 46;
	objects = {

/* Begin PBXBuildFile section */
		3DE765091E71538D00B2B335 /* Test.swift in Sources */ = {isa = PBXBuildFile; fileRef = 3DE765081E71538D00B2B335 /* Test.swift */; };
		B306B3FF1E69504D00CCCE64 /* AppDelegate.swift in Sources */ = {isa = PBXBuildFile; fileRef = B306B3FE1E69504D00CCCE64 /* AppDelegate.swift */; };
		B306B4011E69504D00CCCE64 /* SignInViewController.swift in Sources */ = {isa = PBXBuildFile; fileRef = B306B4001E69504D00CCCE64 /* SignInViewController.swift */; };
		B306B4061E69504D00CCCE64 /* Assets.xcassets in Resources */ = {isa = PBXBuildFile; fileRef = B306B4051E69504D00CCCE64 /* Assets.xcassets */; };
		B306B4091E69504D00CCCE64 /* LaunchScreen.storyboard in Resources */ = {isa = PBXBuildFile; fileRef = B306B4071E69504D00CCCE64 /* LaunchScreen.storyboard */; };
		B306B4141E69504D00CCCE64 /* TestViperTests.swift in Sources */ = {isa = PBXBuildFile; fileRef = B306B4131E69504D00CCCE64 /* TestViperTests.swift */; };
		B306B41F1E69504D00CCCE64 /* TestViperUITests.swift in Sources */ = {isa = PBXBuildFile; fileRef = B306B41E1E69504D00CCCE64 /* TestViperUITests.swift */; };
		B306B42D1E6950DE00CCCE64 /* SignInViewController.xib in Resources */ = {isa = PBXBuildFile; fileRef = B306B42C1E6950DE00CCCE64 /* SignInViewController.xib */; };
		B306B42F1E69516200CCCE64 /* SignInWireframe.swift in Sources */ = {isa = PBXBuildFile; fileRef = B306B42E1E69516200CCCE64 /* SignInWireframe.swift */; };
		B306B4311E69517000CCCE64 /* SignInInteractorIO.swift in Sources */ = {isa = PBXBuildFile; fileRef = B306B4301E69517000CCCE64 /* SignInInteractorIO.swift */; };
		B306B4331E69517B00CCCE64 /* SignInModuleInterface.swift in Sources */ = {isa = PBXBuildFile; fileRef = B306B4321E69517B00CCCE64 /* SignInModuleInterface.swift */; };
		B306B4351E69518500CCCE64 /* SignInPresenter.swift in Sources */ = {isa = PBXBuildFile; fileRef = B306B4341E69518500CCCE64 /* SignInPresenter.swift */; };
		B306B4371E69518F00CCCE64 /* SignInInteractor.swift in Sources */ = {isa = PBXBuildFile; fileRef = B306B4361E69518F00CCCE64 /* SignInInteractor.swift */; };
		B306B4391E6951A500CCCE64 /* SignInView.swift in Sources */ = {isa = PBXBuildFile; fileRef = B306B4381E6951A500CCCE64 /* SignInView.swift */; };
		B306B43B1E69544000CCCE64 /* User.swift in Sources */ = {isa = PBXBuildFile; fileRef = B306B43A1E69544000CCCE64 /* User.swift */; };
		B34561C71E6D3CB500136174 /* SignUpViewController.swift in Sources */ = {isa = PBXBuildFile; fileRef = B34561C61E6D3CB500136174 /* SignUpViewController.swift */; };
		B34561C91E6D3FF200136174 /* SignUpViewController.xib in Resources */ = {isa = PBXBuildFile; fileRef = B34561C81E6D3FF200136174 /* SignUpViewController.xib */; };
		B34561CB1E6D40FF00136174 /* SignUpWireframe.swift in Sources */ = {isa = PBXBuildFile; fileRef = B34561CA1E6D40FF00136174 /* SignUpWireframe.swift */; };
		B34561CD1E6D410800136174 /* SignUpInteractorIO.swift in Sources */ = {isa = PBXBuildFile; fileRef = B34561CC1E6D410800136174 /* SignUpInteractorIO.swift */; };
		B34561CF1E6D411000136174 /* SignUpModuleInterface.swift in Sources */ = {isa = PBXBuildFile; fileRef = B34561CE1E6D411000136174 /* SignUpModuleInterface.swift */; };
		B34561D11E6D411600136174 /* SignUpPresenter.swift in Sources */ = {isa = PBXBuildFile; fileRef = B34561D01E6D411600136174 /* SignUpPresenter.swift */; };
		B34561D31E6D411F00136174 /* SignUpView.swift in Sources */ = {isa = PBXBuildFile; fileRef = B34561D21E6D411F00136174 /* SignUpView.swift */; };
		B34561D51E6D419000136174 /* SignUpInteractor.swift in Sources */ = {isa = PBXBuildFile; fileRef = B34561D41E6D419000136174 /* SignUpInteractor.swift */; };
/* End PBXBuildFile section */

/* Begin PBXContainerItemProxy section */
		B306B4101E69504D00CCCE64 /* PBXContainerItemProxy */ = {
			isa = PBXContainerItemProxy;
			containerPortal = B306B3F31E69504D00CCCE64 /* Project object */;
			proxyType = 1;
			remoteGlobalIDString = B306B3FA1E69504D00CCCE64;
			remoteInfo = TestViper;
		};
		B306B41B1E69504D00CCCE64 /* PBXContainerItemProxy */ = {
			isa = PBXContainerItemProxy;
			containerPortal = B306B3F31E69504D00CCCE64 /* Project object */;
			proxyType = 1;
			remoteGlobalIDString = B306B3FA1E69504D00CCCE64;
			remoteInfo = TestViper;
		};
/* End PBXContainerItemProxy section */

/* Begin PBXFileReference section */
		3DE765081E71538D00B2B335 /* Test.swift */ = {isa = PBXFileReference; fileEncoding = 4; lastKnownFileType = sourcecode.swift; path = Test.swift; sourceTree = "<group>"; };
		B306B3FB1E69504D00CCCE64 /* TestViper.app */ = {isa = PBXFileReference; explicitFileType = wrapper.application; includeInIndex = 0; path = TestViper.app; sourceTree = BUILT_PRODUCTS_DIR; };
		B306B3FE1E69504D00CCCE64 /* AppDelegate.swift */ = {isa = PBXFileReference; lastKnownFileType = sourcecode.swift; path = AppDelegate.swift; sourceTree = "<group>"; };
		B306B4001E69504D00CCCE64 /* SignInViewController.swift */ = {isa = PBXFileReference; lastKnownFileType = sourcecode.swift; path = SignInViewController.swift; sourceTree = "<group>"; };
		B306B4051E69504D00CCCE64 /* Assets.xcassets */ = {isa = PBXFileReference; lastKnownFileType = folder.assetcatalog; path = Assets.xcassets; sourceTree = "<group>"; };
		B306B4081E69504D00CCCE64 /* Base */ = {isa = PBXFileReference; lastKnownFileType = file.storyboard; name = Base; path = Base.lproj/LaunchScreen.storyboard; sourceTree = "<group>"; };
		B306B40A1E69504D00CCCE64 /* Info.plist */ = {isa = PBXFileReference; lastKnownFileType = text.plist.xml; path = Info.plist; sourceTree = "<group>"; };
		B306B40F1E69504D00CCCE64 /* TestViperTests.xctest */ = {isa = PBXFileReference; explicitFileType = wrapper.cfbundle; includeInIndex = 0; path = TestViperTests.xctest; sourceTree = BUILT_PRODUCTS_DIR; };
		B306B4131E69504D00CCCE64 /* TestViperTests.swift */ = {isa = PBXFileReference; lastKnownFileType = sourcecode.swift; path = TestViperTests.swift; sourceTree = "<group>"; };
		B306B4151E69504D00CCCE64 /* Info.plist */ = {isa = PBXFileReference; lastKnownFileType = text.plist.xml; path = Info.plist; sourceTree = "<group>"; };
		B306B41A1E69504D00CCCE64 /* TestViperUITests.xctest */ = {isa = PBXFileReference; explicitFileType = wrapper.cfbundle; includeInIndex = 0; path = TestViperUITests.xctest; sourceTree = BUILT_PRODUCTS_DIR; };
		B306B41E1E69504D00CCCE64 /* TestViperUITests.swift */ = {isa = PBXFileReference; lastKnownFileType = sourcecode.swift; path = TestViperUITests.swift; sourceTree = "<group>"; };
		B306B4201E69504D00CCCE64 /* Info.plist */ = {isa = PBXFileReference; lastKnownFileType = text.plist.xml; path = Info.plist; sourceTree = "<group>"; };
		B306B42C1E6950DE00CCCE64 /* SignInViewController.xib */ = {isa = PBXFileReference; fileEncoding = 4; lastKnownFileType = file.xib; path = SignInViewController.xib; sourceTree = "<group>"; };
		B306B42E1E69516200CCCE64 /* SignInWireframe.swift */ = {isa = PBXFileReference; fileEncoding = 4; lastKnownFileType = sourcecode.swift; path = SignInWireframe.swift; sourceTree = "<group>"; };
		B306B4301E69517000CCCE64 /* SignInInteractorIO.swift */ = {isa = PBXFileReference; fileEncoding = 4; lastKnownFileType = sourcecode.swift; path = SignInInteractorIO.swift; sourceTree = "<group>"; };
		B306B4321E69517B00CCCE64 /* SignInModuleInterface.swift */ = {isa = PBXFileReference; fileEncoding = 4; lastKnownFileType = sourcecode.swift; path = SignInModuleInterface.swift; sourceTree = "<group>"; };
		B306B4341E69518500CCCE64 /* SignInPresenter.swift */ = {isa = PBXFileReference; fileEncoding = 4; lastKnownFileType = sourcecode.swift; path = SignInPresenter.swift; sourceTree = "<group>"; };
		B306B4361E69518F00CCCE64 /* SignInInteractor.swift */ = {isa = PBXFileReference; fileEncoding = 4; lastKnownFileType = sourcecode.swift; path = SignInInteractor.swift; sourceTree = "<group>"; };
		B306B4381E6951A500CCCE64 /* SignInView.swift */ = {isa = PBXFileReference; fileEncoding = 4; lastKnownFileType = sourcecode.swift; path = SignInView.swift; sourceTree = "<group>"; };
		B306B43A1E69544000CCCE64 /* User.swift */ = {isa = PBXFileReference; fileEncoding = 4; lastKnownFileType = sourcecode.swift; path = User.swift; sourceTree = "<group>"; };
		B34561C61E6D3CB500136174 /* SignUpViewController.swift */ = {isa = PBXFileReference; fileEncoding = 4; lastKnownFileType = sourcecode.swift; path = SignUpViewController.swift; sourceTree = "<group>"; };
		B34561C81E6D3FF200136174 /* SignUpViewController.xib */ = {isa = PBXFileReference; fileEncoding = 4; lastKnownFileType = file.xib; path = SignUpViewController.xib; sourceTree = "<group>"; };
		B34561CA1E6D40FF00136174 /* SignUpWireframe.swift */ = {isa = PBXFileReference; fileEncoding = 4; lastKnownFileType = sourcecode.swift; path = SignUpWireframe.swift; sourceTree = "<group>"; };
		B34561CC1E6D410800136174 /* SignUpInteractorIO.swift */ = {isa = PBXFileReference; fileEncoding = 4; lastKnownFileType = sourcecode.swift; path = SignUpInteractorIO.swift; sourceTree = "<group>"; };
		B34561CE1E6D411000136174 /* SignUpModuleInterface.swift */ = {isa = PBXFileReference; fileEncoding = 4; lastKnownFileType = sourcecode.swift; path = SignUpModuleInterface.swift; sourceTree = "<group>"; };
		B34561D01E6D411600136174 /* SignUpPresenter.swift */ = {isa = PBXFileReference; fileEncoding = 4; lastKnownFileType = sourcecode.swift; path = SignUpPresenter.swift; sourceTree = "<group>"; };
		B34561D21E6D411F00136174 /* SignUpView.swift */ = {isa = PBXFileReference; fileEncoding = 4; lastKnownFileType = sourcecode.swift; path = SignUpView.swift; sourceTree = "<group>"; };
		B34561D41E6D419000136174 /* SignUpInteractor.swift */ = {isa = PBXFileReference; fileEncoding = 4; lastKnownFileType = sourcecode.swift; path = SignUpInteractor.swift; sourceTree = "<group>"; };
/* End PBXFileReference section */

/* Begin PBXFrameworksBuildPhase section */
		B306B3F81E69504D00CCCE64 /* Frameworks */ = {
			isa = PBXFrameworksBuildPhase;
			buildActionMask = 2147483647;
			files = (
			);
			runOnlyForDeploymentPostprocessing = 0;
		};
		B306B40C1E69504D00CCCE64 /* Frameworks */ = {
			isa = PBXFrameworksBuildPhase;
			buildActionMask = 2147483647;
			files = (
			);
			runOnlyForDeploymentPostprocessing = 0;
		};
		B306B4171E69504D00CCCE64 /* Frameworks */ = {
			isa = PBXFrameworksBuildPhase;
			buildActionMask = 2147483647;
			files = (
			);
			runOnlyForDeploymentPostprocessing = 0;
		};
/* End PBXFrameworksBuildPhase section */

/* Begin PBXGroup section */
		3D65EB131E70FDB200D3D028 /* Model */ = {
			isa = PBXGroup;
			children = (
				B306B43A1E69544000CCCE64 /* User.swift */,
				3DE765081E71538D00B2B335 /* Test.swift */,
			);
			name = Model;
			sourceTree = "<group>";
		};
		3D65EB141E70FDCC00D3D028 /* SignInVC */ = {
			isa = PBXGroup;
			children = (
				B306B42E1E69516200CCCE64 /* SignInWireframe.swift */,
				B306B4301E69517000CCCE64 /* SignInInteractorIO.swift */,
				B306B4361E69518F00CCCE64 /* SignInInteractor.swift */,
				B306B4321E69517B00CCCE64 /* SignInModuleInterface.swift */,
				B306B4341E69518500CCCE64 /* SignInPresenter.swift */,
				B306B4381E6951A500CCCE64 /* SignInView.swift */,
				B306B4001E69504D00CCCE64 /* SignInViewController.swift */,
				B306B42C1E6950DE00CCCE64 /* SignInViewController.xib */,
			);
			name = SignInVC;
			sourceTree = "<group>";
		};
		3D65EB151E70FDD800D3D028 /* SignUpVC */ = {
			isa = PBXGroup;
			children = (
				B34561CA1E6D40FF00136174 /* SignUpWireframe.swift */,
				B34561CC1E6D410800136174 /* SignUpInteractorIO.swift */,
				B34561D41E6D419000136174 /* SignUpInteractor.swift */,
				B34561CE1E6D411000136174 /* SignUpModuleInterface.swift */,
				B34561D01E6D411600136174 /* SignUpPresenter.swift */,
				B34561D21E6D411F00136174 /* SignUpView.swift */,
				B34561C61E6D3CB500136174 /* SignUpViewController.swift */,
				B34561C81E6D3FF200136174 /* SignUpViewController.xib */,
			);
			name = SignUpVC;
			sourceTree = "<group>";
		};
		3D65EB161E70FE0500D3D028 /* Supported Files */ = {
			isa = PBXGroup;
			children = (
				B306B4051E69504D00CCCE64 /* Assets.xcassets */,
				B306B3FE1E69504D00CCCE64 /* AppDelegate.swift */,
				B306B4071E69504D00CCCE64 /* LaunchScreen.storyboard */,
				B306B40A1E69504D00CCCE64 /* Info.plist */,
			);
			name = "Supported Files";
			sourceTree = "<group>";
		};
		B306B3F21E69504D00CCCE64 = {
			isa = PBXGroup;
			children = (
				B306B3FD1E69504D00CCCE64 /* TestViper */,
				B306B4121E69504D00CCCE64 /* TestViperTests */,
				B306B41D1E69504D00CCCE64 /* TestViperUITests */,
				B306B3FC1E69504D00CCCE64 /* Products */,
			);
			sourceTree = "<group>";
		};
		B306B3FC1E69504D00CCCE64 /* Products */ = {
			isa = PBXGroup;
			children = (
				B306B3FB1E69504D00CCCE64 /* TestViper.app */,
				B306B40F1E69504D00CCCE64 /* TestViperTests.xctest */,
				B306B41A1E69504D00CCCE64 /* TestViperUITests.xctest */,
			);
			name = Products;
			sourceTree = "<group>";
		};
		B306B3FD1E69504D00CCCE64 /* TestViper */ = {
			isa = PBXGroup;
			children = (
				3D65EB131E70FDB200D3D028 /* Model */,
				3D65EB141E70FDCC00D3D028 /* SignInVC */,
				3D65EB151E70FDD800D3D028 /* SignUpVC */,
				3D65EB161E70FE0500D3D028 /* Supported Files */,
			);
			path = TestViper;
			sourceTree = "<group>";
		};
		B306B4121E69504D00CCCE64 /* TestViperTests */ = {
			isa = PBXGroup;
			children = (
				B306B4131E69504D00CCCE64 /* TestViperTests.swift */,
				B306B4151E69504D00CCCE64 /* Info.plist */,
			);
			path = TestViperTests;
			sourceTree = "<group>";
		};
		B306B41D1E69504D00CCCE64 /* TestViperUITests */ = {
			isa = PBXGroup;
			children = (
				B306B41E1E69504D00CCCE64 /* TestViperUITests.swift */,
				B306B4201E69504D00CCCE64 /* Info.plist */,
			);
			path = TestViperUITests;
			sourceTree = "<group>";
		};
/* End PBXGroup section */

/* Begin PBXNativeTarget section */
		B306B3FA1E69504D00CCCE64 /* TestViper */ = {
			isa = PBXNativeTarget;
			buildConfigurationList = B306B4231E69504D00CCCE64 /* Build configuration list for PBXNativeTarget "TestViper" */;
			buildPhases = (
				B306B3F71E69504D00CCCE64 /* Sources */,
				B306B3F81E69504D00CCCE64 /* Frameworks */,
				B306B3F91E69504D00CCCE64 /* Resources */,
			);
			buildRules = (
			);
			dependencies = (
			);
			name = TestViper;
			productName = TestViper;
			productReference = B306B3FB1E69504D00CCCE64 /* TestViper.app */;
			productType = "com.apple.product-type.application";
		};
		B306B40E1E69504D00CCCE64 /* TestViperTests */ = {
			isa = PBXNativeTarget;
			buildConfigurationList = B306B4261E69504D00CCCE64 /* Build configuration list for PBXNativeTarget "TestViperTests" */;
			buildPhases = (
				B306B40B1E69504D00CCCE64 /* Sources */,
				B306B40C1E69504D00CCCE64 /* Frameworks */,
				B306B40D1E69504D00CCCE64 /* Resources */,
			);
			buildRules = (
			);
			dependencies = (
				B306B4111E69504D00CCCE64 /* PBXTargetDependency */,
			);
			name = TestViperTests;
			productName = TestViperTests;
			productReference = B306B40F1E69504D00CCCE64 /* TestViperTests.xctest */;
			productType = "com.apple.product-type.bundle.unit-test";
		};
		B306B4191E69504D00CCCE64 /* TestViperUITests */ = {
			isa = PBXNativeTarget;
			buildConfigurationList = B306B4291E69504D00CCCE64 /* Build configuration list for PBXNativeTarget "TestViperUITests" */;
			buildPhases = (
				B306B4161E69504D00CCCE64 /* Sources */,
				B306B4171E69504D00CCCE64 /* Frameworks */,
				B306B4181E69504D00CCCE64 /* Resources */,
			);
			buildRules = (
			);
			dependencies = (
				B306B41C1E69504D00CCCE64 /* PBXTargetDependency */,
			);
			name = TestViperUITests;
			productName = TestViperUITests;
			productReference = B306B41A1E69504D00CCCE64 /* TestViperUITests.xctest */;
			productType = "com.apple.product-type.bundle.ui-testing";
		};
/* End PBXNativeTarget section */

/* Begin PBXProject section */
		B306B3F31E69504D00CCCE64 /* Project object */ = {
			isa = PBXProject;
			attributes = {
				LastSwiftUpdateCheck = 0820;
				LastUpgradeCheck = 0820;
				ORGANIZATIONNAME = "PT. Kurio";
				TargetAttributes = {
					B306B3FA1E69504D00CCCE64 = {
						CreatedOnToolsVersion = 8.2.1;
						DevelopmentTeam = QH59DGZL9M;
						ProvisioningStyle = Automatic;
					};
					B306B40E1E69504D00CCCE64 = {
						CreatedOnToolsVersion = 8.2.1;
						DevelopmentTeam = QH59DGZL9M;
						ProvisioningStyle = Automatic;
						TestTargetID = B306B3FA1E69504D00CCCE64;
					};
					B306B4191E69504D00CCCE64 = {
						CreatedOnToolsVersion = 8.2.1;
						DevelopmentTeam = QH59DGZL9M;
						ProvisioningStyle = Automatic;
						TestTargetID = B306B3FA1E69504D00CCCE64;
					};
				};
			};
			buildConfigurationList = B306B3F61E69504D00CCCE64 /* Build configuration list for PBXProject "TestViper" */;
			compatibilityVersion = "Xcode 3.2";
			developmentRegion = English;
			hasScannedForEncodings = 0;
			knownRegions = (
				en,
				Base,
			);
			mainGroup = B306B3F21E69504D00CCCE64;
			productRefGroup = B306B3FC1E69504D00CCCE64 /* Products */;
			projectDirPath = "";
			projectRoot = "";
			targets = (
				B306B3FA1E69504D00CCCE64 /* TestViper */,
				B306B40E1E69504D00CCCE64 /* TestViperTests */,
				B306B4191E69504D00CCCE64 /* TestViperUITests */,
			);
		};
/* End PBXProject section */

/* Begin PBXResourcesBuildPhase section */
		B306B3F91E69504D00CCCE64 /* Resources */ = {
			isa = PBXResourcesBuildPhase;
			buildActionMask = 2147483647;
			files = (
				B306B4091E69504D00CCCE64 /* LaunchScreen.storyboard in Resources */,
				B306B42D1E6950DE00CCCE64 /* SignInViewController.xib in Resources */,
				B34561C91E6D3FF200136174 /* SignUpViewController.xib in Resources */,
				B306B4061E69504D00CCCE64 /* Assets.xcassets in Resources */,
			);
			runOnlyForDeploymentPostprocessing = 0;
		};
		B306B40D1E69504D00CCCE64 /* Resources */ = {
			isa = PBXResourcesBuildPhase;
			buildActionMask = 2147483647;
			files = (
			);
			runOnlyForDeploymentPostprocessing = 0;
		};
		B306B4181E69504D00CCCE64 /* Resources */ = {
			isa = PBXResourcesBuildPhase;
			buildActionMask = 2147483647;
			files = (
			);
			runOnlyForDeploymentPostprocessing = 0;
		};
/* End PBXResourcesBuildPhase section */

/* Begin PBXSourcesBuildPhase section */
		B306B3F71E69504D00CCCE64 /* Sources */ = {
			isa = PBXSourcesBuildPhase;
			buildActionMask = 2147483647;
			files = (
				B34561CD1E6D410800136174 /* SignUpInteractorIO.swift in Sources */,
				B34561D31E6D411F00136174 /* SignUpView.swift in Sources */,
				B34561D51E6D419000136174 /* SignUpInteractor.swift in Sources */,
				B34561C71E6D3CB500136174 /* SignUpViewController.swift in Sources */,
				3DE765091E71538D00B2B335 /* Test.swift in Sources */,
				B306B4351E69518500CCCE64 /* SignInPresenter.swift in Sources */,
				B34561CB1E6D40FF00136174 /* SignUpWireframe.swift in Sources */,
				B34561D11E6D411600136174 /* SignUpPresenter.swift in Sources */,
				B34561CF1E6D411000136174 /* SignUpModuleInterface.swift in Sources */,
				B306B4011E69504D00CCCE64 /* SignInViewController.swift in Sources */,
				B306B42F1E69516200CCCE64 /* SignInWireframe.swift in Sources */,
				B306B4331E69517B00CCCE64 /* SignInModuleInterface.swift in Sources */,
				B306B4311E69517000CCCE64 /* SignInInteractorIO.swift in Sources */,
				B306B43B1E69544000CCCE64 /* User.swift in Sources */,
				B306B4371E69518F00CCCE64 /* SignInInteractor.swift in Sources */,
				B306B4391E6951A500CCCE64 /* SignInView.swift in Sources */,
				B306B3FF1E69504D00CCCE64 /* AppDelegate.swift in Sources */,
			);
			runOnlyForDeploymentPostprocessing = 0;
		};
		B306B40B1E69504D00CCCE64 /* Sources */ = {
			isa = PBXSourcesBuildPhase;
			buildActionMask = 2147483647;
			files = (
				B306B4141E69504D00CCCE64 /* TestViperTests.swift in Sources */,
			);
			runOnlyForDeploymentPostprocessing = 0;
		};
		B306B4161E69504D00CCCE64 /* Sources */ = {
			isa = PBXSourcesBuildPhase;
			buildActionMask = 2147483647;
			files = (
				B306B41F1E69504D00CCCE64 /* TestViperUITests.swift in Sources */,
			);
			runOnlyForDeploymentPostprocessing = 0;
		};
/* End PBXSourcesBuildPhase section */

/* Begin PBXTargetDependency section */
		B306B4111E69504D00CCCE64 /* PBXTargetDependency */ = {
			isa = PBXTargetDependency;
			target = B306B3FA1E69504D00CCCE64 /* TestViper */;
			targetProxy = B306B4101E69504D00CCCE64 /* PBXContainerItemProxy */;
		};
		B306B41C1E69504D00CCCE64 /* PBXTargetDependency */ = {
			isa = PBXTargetDependency;
			target = B306B3FA1E69504D00CCCE64 /* TestViper */;
			targetProxy = B306B41B1E69504D00CCCE64 /* PBXContainerItemProxy */;
		};
/* End PBXTargetDependency section */

/* Begin PBXVariantGroup section */
		B306B4071E69504D00CCCE64 /* LaunchScreen.storyboard */ = {
			isa = PBXVariantGroup;
			children = (
				B306B4081E69504D00CCCE64 /* Base */,
			);
			name = LaunchScreen.storyboard;
			sourceTree = "<group>";
		};
/* End PBXVariantGroup section */

/* Begin XCBuildConfiguration section */
		B306B4211E69504D00CCCE64 /* Debug */ = {
			isa = XCBuildConfiguration;
			buildSettings = {
				ALWAYS_SEARCH_USER_PATHS = NO;
				CLANG_ANALYZER_NONNULL = YES;
				CLANG_CXX_LANGUAGE_STANDARD = "gnu++0x";
				CLANG_CXX_LIBRARY = "libc++";
				CLANG_ENABLE_MODULES = YES;
				CLANG_ENABLE_OBJC_ARC = YES;
				CLANG_WARN_BOOL_CONVERSION = YES;
				CLANG_WARN_CONSTANT_CONVERSION = YES;
				CLANG_WARN_DIRECT_OBJC_ISA_USAGE = YES_ERROR;
				CLANG_WARN_DOCUMENTATION_COMMENTS = YES;
				CLANG_WARN_EMPTY_BODY = YES;
				CLANG_WARN_ENUM_CONVERSION = YES;
				CLANG_WARN_INFINITE_RECURSION = YES;
				CLANG_WARN_INT_CONVERSION = YES;
				CLANG_WARN_OBJC_ROOT_CLASS = YES_ERROR;
				CLANG_WARN_SUSPICIOUS_MOVE = YES;
				CLANG_WARN_UNREACHABLE_CODE = YES;
				CLANG_WARN__DUPLICATE_METHOD_MATCH = YES;
				"CODE_SIGN_IDENTITY[sdk=iphoneos*]" = "iPhone Developer";
				COPY_PHASE_STRIP = NO;
				DEBUG_INFORMATION_FORMAT = dwarf;
				ENABLE_STRICT_OBJC_MSGSEND = YES;
				ENABLE_TESTABILITY = YES;
				GCC_C_LANGUAGE_STANDARD = gnu99;
				GCC_DYNAMIC_NO_PIC = NO;
				GCC_NO_COMMON_BLOCKS = YES;
				GCC_OPTIMIZATION_LEVEL = 0;
				GCC_PREPROCESSOR_DEFINITIONS = (
					"DEBUG=1",
					"$(inherited)",
				);
				GCC_WARN_64_TO_32_BIT_CONVERSION = YES;
				GCC_WARN_ABOUT_RETURN_TYPE = YES_ERROR;
				GCC_WARN_UNDECLARED_SELECTOR = YES;
				GCC_WARN_UNINITIALIZED_AUTOS = YES_AGGRESSIVE;
				GCC_WARN_UNUSED_FUNCTION = YES;
				GCC_WARN_UNUSED_VARIABLE = YES;
				IPHONEOS_DEPLOYMENT_TARGET = 10.2;
				MTL_ENABLE_DEBUG_INFO = YES;
				ONLY_ACTIVE_ARCH = YES;
				SDKROOT = iphoneos;
				SWIFT_ACTIVE_COMPILATION_CONDITIONS = DEBUG;
				SWIFT_OPTIMIZATION_LEVEL = "-Onone";
			};
			name = Debug;
		};
		B306B4221E69504D00CCCE64 /* Release */ = {
			isa = XCBuildConfiguration;
			buildSettings = {
				ALWAYS_SEARCH_USER_PATHS = NO;
				CLANG_ANALYZER_NONNULL = YES;
				CLANG_CXX_LANGUAGE_STANDARD = "gnu++0x";
				CLANG_CXX_LIBRARY = "libc++";
				CLANG_ENABLE_MODULES = YES;
				CLANG_ENABLE_OBJC_ARC = YES;
				CLANG_WARN_BOOL_CONVERSION = YES;
				CLANG_WARN_CONSTANT_CONVERSION = YES;
				CLANG_WARN_DIRECT_OBJC_ISA_USAGE = YES_ERROR;
				CLANG_WARN_DOCUMENTATION_COMMENTS = YES;
				CLANG_WARN_EMPTY_BODY = YES;
				CLANG_WARN_ENUM_CONVERSION = YES;
				CLANG_WARN_INFINITE_RECURSION = YES;
				CLANG_WARN_INT_CONVERSION = YES;
				CLANG_WARN_OBJC_ROOT_CLASS = YES_ERROR;
				CLANG_WARN_SUSPICIOUS_MOVE = YES;
				CLANG_WARN_UNREACHABLE_CODE = YES;
				CLANG_WARN__DUPLICATE_METHOD_MATCH = YES;
				"CODE_SIGN_IDENTITY[sdk=iphoneos*]" = "iPhone Developer";
				COPY_PHASE_STRIP = NO;
				DEBUG_INFORMATION_FORMAT = "dwarf-with-dsym";
				ENABLE_NS_ASSERTIONS = NO;
				ENABLE_STRICT_OBJC_MSGSEND = YES;
				GCC_C_LANGUAGE_STANDARD = gnu99;
				GCC_NO_COMMON_BLOCKS = YES;
				GCC_WARN_64_TO_32_BIT_CONVERSION = YES;
				GCC_WARN_ABOUT_RETURN_TYPE = YES_ERROR;
				GCC_WARN_UNDECLARED_SELECTOR = YES;
				GCC_WARN_UNINITIALIZED_AUTOS = YES_AGGRESSIVE;
				GCC_WARN_UNUSED_FUNCTION = YES;
				GCC_WARN_UNUSED_VARIABLE = YES;
				IPHONEOS_DEPLOYMENT_TARGET = 10.2;
				MTL_ENABLE_DEBUG_INFO = NO;
				SDKROOT = iphoneos;
				SWIFT_OPTIMIZATION_LEVEL = "-Owholemodule";
				VALIDATE_PRODUCT = YES;
			};
			name = Release;
		};
		B306B4241E69504D00CCCE64 /* Debug */ = {
			isa = XCBuildConfiguration;
			buildSettings = {
				ASSETCATALOG_COMPILER_APPICON_NAME = AppIcon;
				DEVELOPMENT_TEAM = QH59DGZL9M;
				INFOPLIST_FILE = TestViper/Info.plist;
				LD_RUNPATH_SEARCH_PATHS = "$(inherited) @executable_path/Frameworks";
				PRODUCT_BUNDLE_IDENTIFIER = com.merahputih.TestViper;
				PRODUCT_NAME = "$(TARGET_NAME)";
				SWIFT_VERSION = 3.0;
			};
			name = Debug;
		};
		B306B4251E69504D00CCCE64 /* Release */ = {
			isa = XCBuildConfiguration;
			buildSettings = {
				ASSETCATALOG_COMPILER_APPICON_NAME = AppIcon;
				DEVELOPMENT_TEAM = QH59DGZL9M;
				INFOPLIST_FILE = TestViper/Info.plist;
				LD_RUNPATH_SEARCH_PATHS = "$(inherited) @executable_path/Frameworks";
				PRODUCT_BUNDLE_IDENTIFIER = com.merahputih.TestViper;
				PRODUCT_NAME = "$(TARGET_NAME)";
				SWIFT_VERSION = 3.0;
			};
			name = Release;
		};
		B306B4271E69504D00CCCE64 /* Debug */ = {
			isa = XCBuildConfiguration;
			buildSettings = {
				ALWAYS_EMBED_SWIFT_STANDARD_LIBRARIES = YES;
				BUNDLE_LOADER = "$(TEST_HOST)";
				DEVELOPMENT_TEAM = QH59DGZL9M;
				INFOPLIST_FILE = TestViperTests/Info.plist;
				LD_RUNPATH_SEARCH_PATHS = "$(inherited) @executable_path/Frameworks @loader_path/Frameworks";
				PRODUCT_BUNDLE_IDENTIFIER = com.merahputih.TestViperTests;
				PRODUCT_NAME = "$(TARGET_NAME)";
				SWIFT_VERSION = 3.0;
				TEST_HOST = "$(BUILT_PRODUCTS_DIR)/TestViper.app/TestViper";
			};
			name = Debug;
		};
		B306B4281E69504D00CCCE64 /* Release */ = {
			isa = XCBuildConfiguration;
			buildSettings = {
				ALWAYS_EMBED_SWIFT_STANDARD_LIBRARIES = YES;
				BUNDLE_LOADER = "$(TEST_HOST)";
				DEVELOPMENT_TEAM = QH59DGZL9M;
				INFOPLIST_FILE = TestViperTests/Info.plist;
				LD_RUNPATH_SEARCH_PATHS = "$(inherited) @executable_path/Frameworks @loader_path/Frameworks";
				PRODUCT_BUNDLE_IDENTIFIER = com.merahputih.TestViperTests;
				PRODUCT_NAME = "$(TARGET_NAME)";
				SWIFT_VERSION = 3.0;
				TEST_HOST = "$(BUILT_PRODUCTS_DIR)/TestViper.app/TestViper";
			};
			name = Release;
		};
		B306B42A1E69504D00CCCE64 /* Debug */ = {
			isa = XCBuildConfiguration;
			buildSettings = {
				ALWAYS_EMBED_SWIFT_STANDARD_LIBRARIES = YES;
				DEVELOPMENT_TEAM = QH59DGZL9M;
				INFOPLIST_FILE = TestViperUITests/Info.plist;
				LD_RUNPATH_SEARCH_PATHS = "$(inherited) @executable_path/Frameworks @loader_path/Frameworks";
				PRODUCT_BUNDLE_IDENTIFIER = com.merahputih.TestViperUITests;
				PRODUCT_NAME = "$(TARGET_NAME)";
				SWIFT_VERSION = 3.0;
				TEST_TARGET_NAME = TestViper;
			};
			name = Debug;
		};
		B306B42B1E69504D00CCCE64 /* Release */ = {
			isa = XCBuildConfiguration;
			buildSettings = {
				ALWAYS_EMBED_SWIFT_STANDARD_LIBRARIES = YES;
				DEVELOPMENT_TEAM = QH59DGZL9M;
				INFOPLIST_FILE = TestViperUITests/Info.plist;
				LD_RUNPATH_SEARCH_PATHS = "$(inherited) @executable_path/Frameworks @loader_path/Frameworks";
				PRODUCT_BUNDLE_IDENTIFIER = com.merahputih.TestViperUITests;
				PRODUCT_NAME = "$(TARGET_NAME)";
				SWIFT_VERSION = 3.0;
				TEST_TARGET_NAME = TestViper;
			};
			name = Release;
		};
/* End XCBuildConfiguration section */

/* Begin XCConfigurationList section */
		B306B3F61E69504D00CCCE64 /* Build configuration list for PBXProject "TestViper" */ = {
			isa = XCConfigurationList;
			buildConfigurations = (
				B306B4211E69504D00CCCE64 /* Debug */,
				B306B4221E69504D00CCCE64 /* Release */,
			);
			defaultConfigurationIsVisible = 0;
			defaultConfigurationName = Release;
		};
		B306B4231E69504D00CCCE64 /* Build configuration list for PBXNativeTarget "TestViper" */ = {
			isa = XCConfigurationList;
			buildConfigurations = (
				B306B4241E69504D00CCCE64 /* Debug */,
				B306B4251E69504D00CCCE64 /* Release */,
			);
			defaultConfigurationIsVisible = 0;
			defaultConfigurationName = Release;
		};
		B306B4261E69504D00CCCE64 /* Build configuration list for PBXNativeTarget "TestViperTests" */ = {
			isa = XCConfigurationList;
			buildConfigurations = (
				B306B4271E69504D00CCCE64 /* Debug */,
				B306B4281E69504D00CCCE64 /* Release */,
			);
			defaultConfigurationIsVisible = 0;
			defaultConfigurationName = Release;
		};
		B306B4291E69504D00CCCE64 /* Build configuration list for PBXNativeTarget "TestViperUITests" */ = {
			isa = XCConfigurationList;
			buildConfigurations = (
				B306B42A1E69504D00CCCE64 /* Debug */,
				B306B42B1E69504D00CCCE64 /* Release */,
			);
			defaultConfigurationIsVisible = 0;
			defaultConfigurationName = Release;
		};
/* End XCConfigurationList section */
	};
	rootObject = B306B3F31E69504D00CCCE64 /* Project object */;
}
